
Microsoft Visual Studio Solution File, Format Version 12.00
# Visual Studio Version 17
VisualStudioVersion = 17.6.33723.286
MinimumVisualStudioVersion = 10.0.40219.1
Project("{9A19103F-16F7-4668-BE54-9A1E7A4F7556}") = "Assessment.Api", "Assesment\Assessment.Api.csproj", "{A84B9295-8C8E-4584-A2B0-B95506377382}"
EndProject
Project("{2150E333-8FDC-42A3-9474-1A3956D46DE8}") = "Solution items", "Solution items", "{43941302-FB50-4F9A-AB96-73A1BA364729}"
	ProjectSection(SolutionItems) = preProject
		.gitignore = .gitignore
		db.sql = db.sql
		Dockerfile = Dockerfile
		README.md = README.md
	EndProjectSection
EndProject
Project("{9A19103F-16F7-4668-BE54-9A1E7A4F7556}") = "Assessment.Core", "Assessment.Core\Assessment.Core.csproj", "{FAE54DF5-D862-421B-9D60-FB376ADD6BC4}"
EndProject
Project("{FAE04EC0-301F-11D3-BF4B-00C04F79EFBC}") = "Assessment.Test", "Assessment.Test\Assessment.Test.csproj", "{B6BDE350-794B-4EFB-B7DC-C8EEE5728C8E}"
EndProject
Project("{2150E333-8FDC-42A3-9474-1A3956D46DE8}") = "Tests", "Tests", "{B9BAD5A2-C61C-40B9-BF66-4DD09FC15CF9}"
EndProject
Global
	GlobalSection(SolutionConfigurationPlatforms) = preSolution
		Debug|Any CPU = Debug|Any CPU
		Release|Any CPU = Release|Any CPU
	EndGlobalSection
	GlobalSection(ProjectConfigurationPlatforms) = postSolution
		{A84B9295-8C8E-4584-A2B0-B95506377382}.Debug|Any CPU.ActiveCfg = Debug|Any CPU
		{A84B9295-8C8E-4584-A2B0-B95506377382}.Debug|Any CPU.Build.0 = Debug|Any CPU
		{A84B9295-8C8E-4584-A2B0-B95506377382}.Release|Any CPU.ActiveCfg = Release|Any CPU
		{A84B9295-8C8E-4584-A2B0-B95506377382}.Release|Any CPU.Build.0 = Release|Any CPU
		{FAE54DF5-D862-421B-9D60-FB376ADD6BC4}.Debug|Any CPU.ActiveCfg = Debug|Any CPU
		{FAE54DF5-D862-421B-9D60-FB376ADD6BC4}.Debug|Any CPU.Build.0 = Debug|Any CPU
		{FAE54DF5-D862-421B-9D60-FB376ADD6BC4}.Release|Any CPU.ActiveCfg = Release|Any CPU
		{FAE54DF5-D862-421B-9D60-FB376ADD6BC4}.Release|Any CPU.Build.0 = Release|Any CPU
		{B6BDE350-794B-4EFB-B7DC-C8EEE5728C8E}.Debug|Any CPU.ActiveCfg = Debug|Any CPU
		{B6BDE350-794B-4EFB-B7DC-C8EEE5728C8E}.Debug|Any CPU.Build.0 = Debug|Any CPU
		{B6BDE350-794B-4EFB-B7DC-C8EEE5728C8E}.Release|Any CPU.ActiveCfg = Release|Any CPU
		{B6BDE350-794B-4EFB-B7DC-C8EEE5728C8E}.Release|Any CPU.Build.0 = Release|Any CPU
	EndGlobalSection
	GlobalSection(SolutionProperties) = preSolution
		HideSolutionNode = FALSE
	EndGlobalSection
	GlobalSection(NestedProjects) = preSolution
		{B6BDE350-794B-4EFB-B7DC-C8EEE5728C8E} = {B9BAD5A2-C61C-40B9-BF66-4DD09FC15CF9}
	EndGlobalSection
	GlobalSection(ExtensibilityGlobals) = postSolution
		SolutionGuid = {8A16BAE5-34D0-45E6-9E7E-5DC320E19FBF}
	EndGlobalSection
EndGlobal
